// !$*UTF8*$!
{
	archiveVersion = 1;
	classes = {
	};
	objectVersion = 55;
	objects = {

/* Begin PBXBuildFile section */
		13355EE628A4D3BA00E4D662 /* AppDelegate.swift in Sources */ = {isa = PBXBuildFile; fileRef = 13355EE528A4D3BA00E4D662 /* AppDelegate.swift */; };
		13355EE828A4D3BA00E4D662 /* SceneDelegate.swift in Sources */ = {isa = PBXBuildFile; fileRef = 13355EE728A4D3BA00E4D662 /* SceneDelegate.swift */; };
		13355EEA28A4D3BA00E4D662 /* ViewController.swift in Sources */ = {isa = PBXBuildFile; fileRef = 13355EE928A4D3BA00E4D662 /* ViewController.swift */; };
		13355EED28A4D3BA00E4D662 /* Main.storyboard in Resources */ = {isa = PBXBuildFile; fileRef = 13355EEB28A4D3BA00E4D662 /* Main.storyboard */; };
		13355EEF28A4D3BC00E4D662 /* Assets.xcassets in Resources */ = {isa = PBXBuildFile; fileRef = 13355EEE28A4D3BC00E4D662 /* Assets.xcassets */; };
		13355EF228A4D3BC00E4D662 /* LaunchScreen.storyboard in Resources */ = {isa = PBXBuildFile; fileRef = 13355EF028A4D3BC00E4D662 /* LaunchScreen.storyboard */; };
		13355EFD28A4D3BC00E4D662 /* You_are_awesome_Tests.swift in Sources */ = {isa = PBXBuildFile; fileRef = 13355EFC28A4D3BC00E4D662 /* You_are_awesome_Tests.swift */; };
		13355F0728A4D3BC00E4D662 /* You_are_awesome_UITests.swift in Sources */ = {isa = PBXBuildFile; fileRef = 13355F0628A4D3BC00E4D662 /* You_are_awesome_UITests.swift */; };
		13355F0928A4D3BC00E4D662 /* You_are_awesome_UITestsLaunchTests.swift in Sources */ = {isa = PBXBuildFile; fileRef = 13355F0828A4D3BC00E4D662 /* You_are_awesome_UITestsLaunchTests.swift */; };
/* End PBXBuildFile section */

/* Begin PBXContainerItemProxy section */
		13355EF928A4D3BC00E4D662 /* PBXContainerItemProxy */ = {
			isa = PBXContainerItemProxy;
			containerPortal = 13355EDA28A4D3BA00E4D662 /* Project object */;
			proxyType = 1;
			remoteGlobalIDString = 13355EE128A4D3BA00E4D662;
			remoteInfo = "You are awesome!";
		};
		13355F0328A4D3BC00E4D662 /* PBXContainerItemProxy */ = {
			isa = PBXContainerItemProxy;
			containerPortal = 13355EDA28A4D3BA00E4D662 /* Project object */;
			proxyType = 1;
			remoteGlobalIDString = 13355EE128A4D3BA00E4D662;
			remoteInfo = "You are awesome!";
		};
/* End PBXContainerItemProxy section */

/* Begin PBXFileReference section */
		13355EE228A4D3BA00E4D662 /* You are awesome!.app */ = {isa = PBXFileReference; explicitFileType = wrapper.application; includeInIndex = 0; path = "You are awesome!.app"; sourceTree = BUILT_PRODUCTS_DIR; };
		13355EE528A4D3BA00E4D662 /* AppDelegate.swift */ = {isa = PBXFileReference; lastKnownFileType = sourcecode.swift; path = AppDelegate.swift; sourceTree = "<group>"; };
		13355EE728A4D3BA00E4D662 /* SceneDelegate.swift */ = {isa = PBXFileReference; lastKnownFileType = sourcecode.swift; path = SceneDelegate.swift; sourceTree = "<group>"; };
		13355EE928A4D3BA00E4D662 /* ViewController.swift */ = {isa = PBXFileReference; lastKnownFileType = sourcecode.swift; path = ViewController.swift; sourceTree = "<group>"; };
		13355EEC28A4D3BA00E4D662 /* Base */ = {isa = PBXFileReference; lastKnownFileType = file.storyboard; name = Base; path = Base.lproj/Main.storyboard; sourceTree = "<group>"; };
		13355EEE28A4D3BC00E4D662 /* Assets.xcassets */ = {isa = PBXFileReference; lastKnownFileType = folder.assetcatalog; path = Assets.xcassets; sourceTree = "<group>"; };
		13355EF128A4D3BC00E4D662 /* Base */ = {isa = PBXFileReference; lastKnownFileType = file.storyboard; name = Base; path = Base.lproj/LaunchScreen.storyboard; sourceTree = "<group>"; };
		13355EF328A4D3BC00E4D662 /* Info.plist */ = {isa = PBXFileReference; lastKnownFileType = text.plist.xml; path = Info.plist; sourceTree = "<group>"; };
		13355EF828A4D3BC00E4D662 /* You are awesome!Tests.xctest */ = {isa = PBXFileReference; explicitFileType = wrapper.cfbundle; includeInIndex = 0; path = "You are awesome!Tests.xctest"; sourceTree = BUILT_PRODUCTS_DIR; };
		13355EFC28A4D3BC00E4D662 /* You_are_awesome_Tests.swift */ = {isa = PBXFileReference; lastKnownFileType = sourcecode.swift; path = You_are_awesome_Tests.swift; sourceTree = "<group>"; };
		13355F0228A4D3BC00E4D662 /* You are awesome!UITests.xctest */ = {isa = PBXFileReference; explicitFileType = wrapper.cfbundle; includeInIndex = 0; path = "You are awesome!UITests.xctest"; sourceTree = BUILT_PRODUCTS_DIR; };
		13355F0628A4D3BC00E4D662 /* You_are_awesome_UITests.swift */ = {isa = PBXFileReference; lastKnownFileType = sourcecode.swift; path = You_are_awesome_UITests.swift; sourceTree = "<group>"; };
		13355F0828A4D3BC00E4D662 /* You_are_awesome_UITestsLaunchTests.swift */ = {isa = PBXFileReference; lastKnownFileType = sourcecode.swift; path = You_are_awesome_UITestsLaunchTests.swift; sourceTree = "<group>"; };
/* End PBXFileReference section */

/* Begin PBXFrameworksBuildPhase section */
		13355EDF28A4D3BA00E4D662 /* Frameworks */ = {
			isa = PBXFrameworksBuildPhase;
			buildActionMask = 2147483647;
			files = (
			);
			runOnlyForDeploymentPostprocessing = 0;
		};
		13355EF528A4D3BC00E4D662 /* Frameworks */ = {
			isa = PBXFrameworksBuildPhase;
			buildActionMask = 2147483647;
			files = (
			);
			runOnlyForDeploymentPostprocessing = 0;
		};
		13355EFF28A4D3BC00E4D662 /* Frameworks */ = {
			isa = PBXFrameworksBuildPhase;
			buildActionMask = 2147483647;
			files = (
			);
			runOnlyForDeploymentPostprocessing = 0;
		};
/* End PBXFrameworksBuildPhase section */

/* Begin PBXGroup section */
		13355ED928A4D3BA00E4D662 = {
			isa = PBXGroup;
			children = (
				13355EE428A4D3BA00E4D662 /* You are awesome! */,
				13355EFB28A4D3BC00E4D662 /* You are awesome!Tests */,
				13355F0528A4D3BC00E4D662 /* You are awesome!UITests */,
				13355EE328A4D3BA00E4D662 /* Products */,
			);
			sourceTree = "<group>";
		};
		13355EE328A4D3BA00E4D662 /* Products */ = {
			isa = PBXGroup;
			children = (
				13355EE228A4D3BA00E4D662 /* You are awesome!.app */,
				13355EF828A4D3BC00E4D662 /* You are awesome!Tests.xctest */,
				13355F0228A4D3BC00E4D662 /* You are awesome!UITests.xctest */,
			);
			name = Products;
			sourceTree = "<group>";
		};
		13355EE428A4D3BA00E4D662 /* You are awesome! */ = {
			isa = PBXGroup;
			children = (
				13355EE528A4D3BA00E4D662 /* AppDelegate.swift */,
				13355EE728A4D3BA00E4D662 /* SceneDelegate.swift */,
				13355EE928A4D3BA00E4D662 /* ViewController.swift */,
				13355EEB28A4D3BA00E4D662 /* Main.storyboard */,
				13355EEE28A4D3BC00E4D662 /* Assets.xcassets */,
				13355EF028A4D3BC00E4D662 /* LaunchScreen.storyboard */,
				13355EF328A4D3BC00E4D662 /* Info.plist */,
			);
			path = "You are awesome!";
			sourceTree = "<group>";
		};
		13355EFB28A4D3BC00E4D662 /* You are awesome!Tests */ = {
			isa = PBXGroup;
			children = (
				13355EFC28A4D3BC00E4D662 /* You_are_awesome_Tests.swift */,
			);
			path = "You are awesome!Tests";
			sourceTree = "<group>";
		};
		13355F0528A4D3BC00E4D662 /* You are awesome!UITests */ = {
			isa = PBXGroup;
			children = (
				13355F0628A4D3BC00E4D662 /* You_are_awesome_UITests.swift */,
				13355F0828A4D3BC00E4D662 /* You_are_awesome_UITestsLaunchTests.swift */,
			);
			path = "You are awesome!UITests";
			sourceTree = "<group>";
		};
/* End PBXGroup section */

/* Begin PBXNativeTarget section */
		13355EE128A4D3BA00E4D662 /* You are awesome! */ = {
			isa = PBXNativeTarget;
			buildConfigurationList = 13355F0C28A4D3BC00E4D662 /* Build configuration list for PBXNativeTarget "You are awesome!" */;
			buildPhases = (
				13355EDE28A4D3BA00E4D662 /* Sources */,
				13355EDF28A4D3BA00E4D662 /* Frameworks */,
				13355EE028A4D3BA00E4D662 /* Resources */,
			);
			buildRules = (
			);
			dependencies = (
			);
			name = "You are awesome!";
			productName = "You are awesome!";
			productReference = 13355EE228A4D3BA00E4D662 /* You are awesome!.app */;
			productType = "com.apple.product-type.application";
		};
		13355EF728A4D3BC00E4D662 /* You are awesome!Tests */ = {
			isa = PBXNativeTarget;
			buildConfigurationList = 13355F0F28A4D3BC00E4D662 /* Build configuration list for PBXNativeTarget "You are awesome!Tests" */;
			buildPhases = (
				13355EF428A4D3BC00E4D662 /* Sources */,
				13355EF528A4D3BC00E4D662 /* Frameworks */,
				13355EF628A4D3BC00E4D662 /* Resources */,
			);
			buildRules = (
			);
			dependencies = (
				13355EFA28A4D3BC00E4D662 /* PBXTargetDependency */,
			);
			name = "You are awesome!Tests";
			productName = "You are awesome!Tests";
			productReference = 13355EF828A4D3BC00E4D662 /* You are awesome!Tests.xctest */;
			productType = "com.apple.product-type.bundle.unit-test";
		};
		13355F0128A4D3BC00E4D662 /* You are awesome!UITests */ = {
			isa = PBXNativeTarget;
			buildConfigurationList = 13355F1228A4D3BC00E4D662 /* Build configuration list for PBXNativeTarget "You are awesome!UITests" */;
			buildPhases = (
				13355EFE28A4D3BC00E4D662 /* Sources */,
				13355EFF28A4D3BC00E4D662 /* Frameworks */,
				13355F0028A4D3BC00E4D662 /* Resources */,
			);
			buildRules = (
			);
			dependencies = (
				13355F0428A4D3BC00E4D662 /* PBXTargetDependency */,
			);
			name = "You are awesome!UITests";
			productName = "You are awesome!UITests";
			productReference = 13355F0228A4D3BC00E4D662 /* You are awesome!UITests.xctest */;
			productType = "com.apple.product-type.bundle.ui-testing";
		};
/* End PBXNativeTarget section */

/* Begin PBXProject section */
		13355EDA28A4D3BA00E4D662 /* Project object */ = {
			isa = PBXProject;
			attributes = {
				BuildIndependentTargetsInParallel = 1;
				LastSwiftUpdateCheck = 1340;
				LastUpgradeCheck = 1340;
				TargetAttributes = {
					13355EE128A4D3BA00E4D662 = {
						CreatedOnToolsVersion = 13.4.1;
					};
					13355EF728A4D3BC00E4D662 = {
						CreatedOnToolsVersion = 13.4.1;
						TestTargetID = 13355EE128A4D3BA00E4D662;
					};
					13355F0128A4D3BC00E4D662 = {
						CreatedOnToolsVersion = 13.4.1;
						TestTargetID = 13355EE128A4D3BA00E4D662;
					};
				};
			};
			buildConfigurationList = 13355EDD28A4D3BA00E4D662 /* Build configuration list for PBXProject "You are awesome!" */;
			compatibilityVersion = "Xcode 13.0";
			developmentRegion = en;
			hasScannedForEncodings = 0;
			knownRegions = (
				en,
				Base,
			);
			mainGroup = 13355ED928A4D3BA00E4D662;
			productRefGroup = 13355EE328A4D3BA00E4D662 /* Products */;
			projectDirPath = "";
			projectRoot = "";
			targets = (
				13355EE128A4D3BA00E4D662 /* You are awesome! */,
				13355EF728A4D3BC00E4D662 /* You are awesome!Tests */,
				13355F0128A4D3BC00E4D662 /* You are awesome!UITests */,
			);
		};
/* End PBXProject section */

/* Begin PBXResourcesBuildPhase section */
		13355EE028A4D3BA00E4D662 /* Resources */ = {
			isa = PBXResourcesBuildPhase;
			buildActionMask = 2147483647;
			files = (
				13355EF228A4D3BC00E4D662 /* LaunchScreen.storyboard in Resources */,
				13355EEF28A4D3BC00E4D662 /* Assets.xcassets in Resources */,
				13355EED28A4D3BA00E4D662 /* Main.storyboard in Resources */,
			);
			runOnlyForDeploymentPostprocessing = 0;
		};
		13355EF628A4D3BC00E4D662 /* Resources */ = {
			isa = PBXResourcesBuildPhase;
			buildActionMask = 2147483647;
			files = (
			);
			runOnlyForDeploymentPostprocessing = 0;
		};
		13355F0028A4D3BC00E4D662 /* Resources */ = {
			isa = PBXResourcesBuildPhase;
			buildActionMask = 2147483647;
			files = (
			);
			runOnlyForDeploymentPostprocessing = 0;
		};
/* End PBXResourcesBuildPhase section */

/* Begin PBXSourcesBuildPhase section */
		13355EDE28A4D3BA00E4D662 /* Sources */ = {
			isa = PBXSourcesBuildPhase;
			buildActionMask = 2147483647;
			files = (
				13355EEA28A4D3BA00E4D662 /* ViewController.swift in Sources */,
				13355EE628A4D3BA00E4D662 /* AppDelegate.swift in Sources */,
				13355EE828A4D3BA00E4D662 /* SceneDelegate.swift in Sources */,
			);
			runOnlyForDeploymentPostprocessing = 0;
		};
		13355EF428A4D3BC00E4D662 /* Sources */ = {
			isa = PBXSourcesBuildPhase;
			buildActionMask = 2147483647;
			files = (
				13355EFD28A4D3BC00E4D662 /* You_are_awesome_Tests.swift in Sources */,
			);
			runOnlyForDeploymentPostprocessing = 0;
		};
		13355EFE28A4D3BC00E4D662 /* Sources */ = {
			isa = PBXSourcesBuildPhase;
			buildActionMask = 2147483647;
			files = (
				13355F0728A4D3BC00E4D662 /* You_are_awesome_UITests.swift in Sources */,
				13355F0928A4D3BC00E4D662 /* You_are_awesome_UITestsLaunchTests.swift in Sources */,
			);
			runOnlyForDeploymentPostprocessing = 0;
		};
/* End PBXSourcesBuildPhase section */

/* Begin PBXTargetDependency section */
		13355EFA28A4D3BC00E4D662 /* PBXTargetDependency */ = {
			isa = PBXTargetDependency;
			target = 13355EE128A4D3BA00E4D662 /* You are awesome! */;
			targetProxy = 13355EF928A4D3BC00E4D662 /* PBXContainerItemProxy */;
		};
		13355F0428A4D3BC00E4D662 /* PBXTargetDependency */ = {
			isa = PBXTargetDependency;
			target = 13355EE128A4D3BA00E4D662 /* You are awesome! */;
			targetProxy = 13355F0328A4D3BC00E4D662 /* PBXContainerItemProxy */;
		};
/* End PBXTargetDependency section */

/* Begin PBXVariantGroup section */
		13355EEB28A4D3BA00E4D662 /* Main.storyboard */ = {
			isa = PBXVariantGroup;
			children = (
				13355EEC28A4D3BA00E4D662 /* Base */,
			);
			name = Main.storyboard;
			sourceTree = "<group>";
		};
		13355EF028A4D3BC00E4D662 /* LaunchScreen.storyboard */ = {
			isa = PBXVariantGroup;
			children = (
				13355EF128A4D3BC00E4D662 /* Base */,
			);
			name = LaunchScreen.storyboard;
			sourceTree = "<group>";
		};
/* End PBXVariantGroup section */

/* Begin XCBuildConfiguration section */
		13355F0A28A4D3BC00E4D662 /* Debug */ = {
			isa = XCBuildConfiguration;
			buildSettings = {
				ALWAYS_SEARCH_USER_PATHS = NO;
				CLANG_ANALYZER_NONNULL = YES;
				CLANG_ANALYZER_NUMBER_OBJECT_CONVERSION = YES_AGGRESSIVE;
				CLANG_CXX_LANGUAGE_STANDARD = "gnu++17";
				CLANG_ENABLE_MODULES = YES;
				CLANG_ENABLE_OBJC_ARC = YES;
				CLANG_ENABLE_OBJC_WEAK = YES;
				CLANG_WARN_BLOCK_CAPTURE_AUTORELEASING = YES;
				CLANG_WARN_BOOL_CONVERSION = YES;
				CLANG_WARN_COMMA = YES;
				CLANG_WARN_CONSTANT_CONVERSION = YES;
				CLANG_WARN_DEPRECATED_OBJC_IMPLEMENTATIONS = YES;
				CLANG_WARN_DIRECT_OBJC_ISA_USAGE = YES_ERROR;
				CLANG_WARN_DOCUMENTATION_COMMENTS = YES;
				CLANG_WARN_EMPTY_BODY = YES;
				CLANG_WARN_ENUM_CONVERSION = YES;
				CLANG_WARN_INFINITE_RECURSION = YES;
				CLANG_WARN_INT_CONVERSION = YES;
				CLANG_WARN_NON_LITERAL_NULL_CONVERSION = YES;
				CLANG_WARN_OBJC_IMPLICIT_RETAIN_SELF = YES;
				CLANG_WARN_OBJC_LITERAL_CONVERSION = YES;
				CLANG_WARN_OBJC_ROOT_CLASS = YES_ERROR;
				CLANG_WARN_QUOTED_INCLUDE_IN_FRAMEWORK_HEADER = YES;
				CLANG_WARN_RANGE_LOOP_ANALYSIS = YES;
				CLANG_WARN_STRICT_PROTOTYPES = YES;
				CLANG_WARN_SUSPICIOUS_MOVE = YES;
				CLANG_WARN_UNGUARDED_AVAILABILITY = YES_AGGRESSIVE;
				CLANG_WARN_UNREACHABLE_CODE = YES;
				CLANG_WARN__DUPLICATE_METHOD_MATCH = YES;
				COPY_PHASE_STRIP = NO;
				DEBUG_INFORMATION_FORMAT = dwarf;
				ENABLE_STRICT_OBJC_MSGSEND = YES;
				ENABLE_TESTABILITY = YES;
				GCC_C_LANGUAGE_STANDARD = gnu11;
				GCC_DYNAMIC_NO_PIC = NO;
				GCC_NO_COMMON_BLOCKS = YES;
				GCC_OPTIMIZATION_LEVEL = 0;
				GCC_PREPROCESSOR_DEFINITIONS = (
					"DEBUG=1",
					"$(inherited)",
				);
				GCC_WARN_64_TO_32_BIT_CONVERSION = YES;
				GCC_WARN_ABOUT_RETURN_TYPE = YES_ERROR;
				GCC_WARN_UNDECLARED_SELECTOR = YES;
				GCC_WARN_UNINITIALIZED_AUTOS = YES_AGGRESSIVE;
				GCC_WARN_UNUSED_FUNCTION = YES;
				GCC_WARN_UNUSED_VARIABLE = YES;
				IPHONEOS_DEPLOYMENT_TARGET = 15.5;
				MTL_ENABLE_DEBUG_INFO = INCLUDE_SOURCE;
				MTL_FAST_MATH = YES;
				ONLY_ACTIVE_ARCH = YES;
				SDKROOT = iphoneos;
				SWIFT_ACTIVE_COMPILATION_CONDITIONS = DEBUG;
				SWIFT_OPTIMIZATION_LEVEL = "-Onone";
			};
			name = Debug;
		};
		13355F0B28A4D3BC00E4D662 /* Release */ = {
			isa = XCBuildConfiguration;
			buildSettings = {
				ALWAYS_SEARCH_USER_PATHS = NO;
				CLANG_ANALYZER_NONNULL = YES;
				CLANG_ANALYZER_NUMBER_OBJECT_CONVERSION = YES_AGGRESSIVE;
				CLANG_CXX_LANGUAGE_STANDARD = "gnu++17";
				CLANG_ENABLE_MODULES = YES;
				CLANG_ENABLE_OBJC_ARC = YES;
				CLANG_ENABLE_OBJC_WEAK = YES;
				CLANG_WARN_BLOCK_CAPTURE_AUTORELEASING = YES;
				CLANG_WARN_BOOL_CONVERSION = YES;
				CLANG_WARN_COMMA = YES;
				CLANG_WARN_CONSTANT_CONVERSION = YES;
				CLANG_WARN_DEPRECATED_OBJC_IMPLEMENTATIONS = YES;
				CLANG_WARN_DIRECT_OBJC_ISA_USAGE = YES_ERROR;
				CLANG_WARN_DOCUMENTATION_COMMENTS = YES;
				CLANG_WARN_EMPTY_BODY = YES;
				CLANG_WARN_ENUM_CONVERSION = YES;
				CLANG_WARN_INFINITE_RECURSION = YES;
				CLANG_WARN_INT_CONVERSION = YES;
				CLANG_WARN_NON_LITERAL_NULL_CONVERSION = YES;
				CLANG_WARN_OBJC_IMPLICIT_RETAIN_SELF = YES;
				CLANG_WARN_OBJC_LITERAL_CONVERSION = YES;
				CLANG_WARN_OBJC_ROOT_CLASS = YES_ERROR;
				CLANG_WARN_QUOTED_INCLUDE_IN_FRAMEWORK_HEADER = YES;
				CLANG_WARN_RANGE_LOOP_ANALYSIS = YES;
				CLANG_WARN_STRICT_PROTOTYPES = YES;
				CLANG_WARN_SUSPICIOUS_MOVE = YES;
				CLANG_WARN_UNGUARDED_AVAILABILITY = YES_AGGRESSIVE;
				CLANG_WARN_UNREACHABLE_CODE = YES;
				CLANG_WARN__DUPLICATE_METHOD_MATCH = YES;
				COPY_PHASE_STRIP = NO;
				DEBUG_INFORMATION_FORMAT = "dwarf-with-dsym";
				ENABLE_NS_ASSERTIONS = NO;
				ENABLE_STRICT_OBJC_MSGSEND = YES;
				GCC_C_LANGUAGE_STANDARD = gnu11;
				GCC_NO_COMMON_BLOCKS = YES;
				GCC_WARN_64_TO_32_BIT_CONVERSION = YES;
				GCC_WARN_ABOUT_RETURN_TYPE = YES_ERROR;
				GCC_WARN_UNDECLARED_SELECTOR = YES;
				GCC_WARN_UNINITIALIZED_AUTOS = YES_AGGRESSIVE;
				GCC_WARN_UNUSED_FUNCTION = YES;
				GCC_WARN_UNUSED_VARIABLE = YES;
				IPHONEOS_DEPLOYMENT_TARGET = 15.5;
				MTL_ENABLE_DEBUG_INFO = NO;
				MTL_FAST_MATH = YES;
				SDKROOT = iphoneos;
				SWIFT_COMPILATION_MODE = wholemodule;
				SWIFT_OPTIMIZATION_LEVEL = "-O";
				VALIDATE_PRODUCT = YES;
			};
			name = Release;
		};
		13355F0D28A4D3BC00E4D662 /* Debug */ = {
			isa = XCBuildConfiguration;
			buildSettings = {
				ASSETCATALOG_COMPILER_APPICON_NAME = AppIcon;
				ASSETCATALOG_COMPILER_GLOBAL_ACCENT_COLOR_NAME = AccentColor;
				CODE_SIGN_STYLE = Automatic;
				CURRENT_PROJECT_VERSION = 1;
				DEVELOPMENT_TEAM = 82K84S67L7;
				GENERATE_INFOPLIST_FILE = YES;
				INFOPLIST_FILE = "You are awesome!/Info.plist";
				INFOPLIST_KEY_UIApplicationSupportsIndirectInputEvents = YES;
				INFOPLIST_KEY_UILaunchStoryboardName = LaunchScreen;
				INFOPLIST_KEY_UIMainStoryboardFile = Main;
				INFOPLIST_KEY_UISupportedInterfaceOrientations_iPad = "UIInterfaceOrientationPortrait UIInterfaceOrientationPortraitUpsideDown UIInterfaceOrientationLandscapeLeft UIInterfaceOrientationLandscapeRight";
				INFOPLIST_KEY_UISupportedInterfaceOrientations_iPhone = "UIInterfaceOrientationPortrait UIInterfaceOrientationLandscapeLeft UIInterfaceOrientationLandscapeRight";
				IPHONEOS_DEPLOYMENT_TARGET = 15.5;
				LD_RUNPATH_SEARCH_PATHS = (
					"$(inherited)",
					"@executable_path/Frameworks",
				);
				MARKETING_VERSION = 1.0;
				PRODUCT_BUNDLE_IDENTIFIER = "Nicolaj-Nienhaus.You-are-awesome-";
				PRODUCT_NAME = "$(TARGET_NAME)";
				SWIFT_EMIT_LOC_STRINGS = YES;
				SWIFT_VERSION = 5.0;
				TARGETED_DEVICE_FAMILY = "1,2";
			};
			name = Debug;
		};
		13355F0E28A4D3BC00E4D662 /* Release */ = {
			isa = XCBuildConfiguration;
			buildSettings = {
				ASSETCATALOG_COMPILER_APPICON_NAME = AppIcon;
				ASSETCATALOG_COMPILER_GLOBAL_ACCENT_COLOR_NAME = AccentColor;
				CODE_SIGN_STYLE = Automatic;
				CURRENT_PROJECT_VERSION = 1;
				DEVELOPMENT_TEAM = 82K84S67L7;
				GENERATE_INFOPLIST_FILE = YES;
				INFOPLIST_FILE = "You are awesome!/Info.plist";
				INFOPLIST_KEY_UIApplicationSupportsIndirectInputEvents = YES;
				INFOPLIST_KEY_UILaunchStoryboardName = LaunchScreen;
				INFOPLIST_KEY_UIMainStoryboardFile = Main;
				INFOPLIST_KEY_UISupportedInterfaceOrientations_iPad = "UIInterfaceOrientationPortrait UIInterfaceOrientationPortraitUpsideDown UIInterfaceOrientationLandscapeLeft UIInterfaceOrientationLandscapeRight";
				INFOPLIST_KEY_UISupportedInterfaceOrientations_iPhone = "UIInterfaceOrientationPortrait UIInterfaceOrientationLandscapeLeft UIInterfaceOrientationLandscapeRight";
				IPHONEOS_DEPLOYMENT_TARGET = 15.5;
				LD_RUNPATH_SEARCH_PATHS = (
					"$(inherited)",
					"@executable_path/Frameworks",
				);
				MARKETING_VERSION = 1.0;
				PRODUCT_BUNDLE_IDENTIFIER = "Nicolaj-Nienhaus.You-are-awesome-";
				PRODUCT_NAME = "$(TARGET_NAME)";
				SWIFT_EMIT_LOC_STRINGS = YES;
				SWIFT_VERSION = 5.0;
				TARGETED_DEVICE_FAMILY = "1,2";
			};
			name = Release;
		};
		13355F1028A4D3BC00E4D662 /* Debug */ = {
			isa = XCBuildConfiguration;
			buildSettings = {
				ALWAYS_EMBED_SWIFT_STANDARD_LIBRARIES = YES;
				BUNDLE_LOADER = "$(TEST_HOST)";
				CODE_SIGN_STYLE = Automatic;
				CURRENT_PROJECT_VERSION = 1;
				DEVELOPMENT_TEAM = 82K84S67L7;
				GENERATE_INFOPLIST_FILE = YES;
				IPHONEOS_DEPLOYMENT_TARGET = 15.5;
				MARKETING_VERSION = 1.0;
				PRODUCT_BUNDLE_IDENTIFIER = "Nicolaj-Nienhaus.You-are-awesome-Tests";
				PRODUCT_NAME = "$(TARGET_NAME)";
				SWIFT_EMIT_LOC_STRINGS = NO;
				SWIFT_VERSION = 5.0;
				TARGETED_DEVICE_FAMILY = "1,2";
				TEST_HOST = "$(BUILT_PRODUCTS_DIR)/You are awesome!.app/You are awesome!";
			};
			name = Debug;
		};
		13355F1128A4D3BC00E4D662 /* Release */ = {
			isa = XCBuildConfiguration;
			buildSettings = {
				ALWAYS_EMBED_SWIFT_STANDARD_LIBRARIES = YES;
				BUNDLE_LOADER = "$(TEST_HOST)";
				CODE_SIGN_STYLE = Automatic;
				CURRENT_PROJECT_VERSION = 1;
				DEVELOPMENT_TEAM = 82K84S67L7;
				GENERATE_INFOPLIST_FILE = YES;
				IPHONEOS_DEPLOYMENT_TARGET = 15.5;
				MARKETING_VERSION = 1.0;
				PRODUCT_BUNDLE_IDENTIFIER = "Nicolaj-Nienhaus.You-are-awesome-Tests";
				PRODUCT_NAME = "$(TARGET_NAME)";
				SWIFT_EMIT_LOC_STRINGS = NO;
				SWIFT_VERSION = 5.0;
				TARGETED_DEVICE_FAMILY = "1,2";
				TEST_HOST = "$(BUILT_PRODUCTS_DIR)/You are awesome!.app/You are awesome!";
			};
			name = Release;
		};
		13355F1328A4D3BC00E4D662 /* Debug */ = {
			isa = XCBuildConfiguration;
			buildSettings = {
				ALWAYS_EMBED_SWIFT_STANDARD_LIBRARIES = YES;
				CODE_SIGN_STYLE = Automatic;
				CURRENT_PROJECT_VERSION = 1;
				DEVELOPMENT_TEAM = 82K84S67L7;
				GENERATE_INFOPLIST_FILE = YES;
				MARKETING_VERSION = 1.0;
				PRODUCT_BUNDLE_IDENTIFIER = "Nicolaj-Nienhaus.You-are-awesome-UITests";
				PRODUCT_NAME = "$(TARGET_NAME)";
				SWIFT_EMIT_LOC_STRINGS = NO;
				SWIFT_VERSION = 5.0;
				TARGETED_DEVICE_FAMILY = "1,2";
				TEST_TARGET_NAME = "You are awesome!";
			};
			name = Debug;
		};
		13355F1428A4D3BC00E4D662 /* Release */ = {
			isa = XCBuildConfiguration;
			buildSettings = {
				ALWAYS_EMBED_SWIFT_STANDARD_LIBRARIES = YES;
				CODE_SIGN_STYLE = Automatic;
				CURRENT_PROJECT_VERSION = 1;
				DEVELOPMENT_TEAM = 82K84S67L7;
				GENERATE_INFOPLIST_FILE = YES;
				MARKETING_VERSION = 1.0;
				PRODUCT_BUNDLE_IDENTIFIER = "Nicolaj-Nienhaus.You-are-awesome-UITests";
				PRODUCT_NAME = "$(TARGET_NAME)";
				SWIFT_EMIT_LOC_STRINGS = NO;
				SWIFT_VERSION = 5.0;
				TARGETED_DEVICE_FAMILY = "1,2";
				TEST_TARGET_NAME = "You are awesome!";
			};
			name = Release;
		};
/* End XCBuildConfiguration section */

/* Begin XCConfigurationList section */
		13355EDD28A4D3BA00E4D662 /* Build configuration list for PBXProject "You are awesome!" */ = {
			isa = XCConfigurationList;
			buildConfigurations = (
				13355F0A28A4D3BC00E4D662 /* Debug */,
				13355F0B28A4D3BC00E4D662 /* Release */,
			);
			defaultConfigurationIsVisible = 0;
			defaultConfigurationName = Release;
		};
		13355F0C28A4D3BC00E4D662 /* Build configuration list for PBXNativeTarget "You are awesome!" */ = {
			isa = XCConfigurationList;
			buildConfigurations = (
				13355F0D28A4D3BC00E4D662 /* Debug */,
				13355F0E28A4D3BC00E4D662 /* Release */,
			);
			defaultConfigurationIsVisible = 0;
			defaultConfigurationName = Release;
		};
		13355F0F28A4D3BC00E4D662 /* Build configuration list for PBXNativeTarget "You are awesome!Tests" */ = {
			isa = XCConfigurationList;
			buildConfigurations = (
				13355F1028A4D3BC00E4D662 /* Debug */,
				13355F1128A4D3BC00E4D662 /* Release */,
			);
			defaultConfigurationIsVisible = 0;
			defaultConfigurationName = Release;
		};
		13355F1228A4D3BC00E4D662 /* Build configuration list for PBXNativeTarget "You are awesome!UITests" */ = {
			isa = XCConfigurationList;
			buildConfigurations = (
				13355F1328A4D3BC00E4D662 /* Debug */,
				13355F1428A4D3BC00E4D662 /* Release */,
			);
			defaultConfigurationIsVisible = 0;
			defaultConfigurationName = Release;
		};
/* End XCConfigurationList section */
	};
	rootObject = 13355EDA28A4D3BA00E4D662 /* Project object */;
}
